// !$*UTF8*$!
{
	archiveVersion = 1;
	classes = {
	};
	objectVersion = 50;
	objects = {

/* Begin PBXBuildFile section */
		4FE373659699B0274D87F5ED /* Pods_SA3.framework in Frameworks */ = {isa = PBXBuildFile; fileRef = BF8EF7B4A26C8D9EB27BEE6C /* Pods_SA3.framework */; };
		528C3FD622461691005F0A22 /* AppDelegate.swift in Sources */ = {isa = PBXBuildFile; fileRef = 528C3FD522461691005F0A22 /* AppDelegate.swift */; };
		528C3FD822461691005F0A22 /* ViewController.swift in Sources */ = {isa = PBXBuildFile; fileRef = 528C3FD722461691005F0A22 /* ViewController.swift */; };
		528C3FDA22461692005F0A22 /* Assets.xcassets in Resources */ = {isa = PBXBuildFile; fileRef = 528C3FD922461692005F0A22 /* Assets.xcassets */; };
		528C3FDD22461692005F0A22 /* Main.storyboard in Resources */ = {isa = PBXBuildFile; fileRef = 528C3FDB22461692005F0A22 /* Main.storyboard */; };
		528C3FEA22468B36005F0A22 /* ImageConverter.swift in Sources */ = {isa = PBXBuildFile; fileRef = 528C3FE922468B36005F0A22 /* ImageConverter.swift */; };
		528C3FEC22469C01005F0A22 /* ImageProcessor.swift in Sources */ = {isa = PBXBuildFile; fileRef = 528C3FEB22469C01005F0A22 /* ImageProcessor.swift */; };
/* End PBXBuildFile section */

/* Begin PBXFileReference section */
		404A52EC9B18935D9CBBDF26 /* Pods-SA3.release.xcconfig */ = {isa = PBXFileReference; includeInIndex = 1; lastKnownFileType = text.xcconfig; name = "Pods-SA3.release.xcconfig"; path = "Pods/Target Support Files/Pods-SA3/Pods-SA3.release.xcconfig"; sourceTree = "<group>"; };
		528C3FD222461691005F0A22 /* SA3.app */ = {isa = PBXFileReference; explicitFileType = wrapper.application; includeInIndex = 0; path = SA3.app; sourceTree = BUILT_PRODUCTS_DIR; };
		528C3FD522461691005F0A22 /* AppDelegate.swift */ = {isa = PBXFileReference; lastKnownFileType = sourcecode.swift; path = AppDelegate.swift; sourceTree = "<group>"; };
		528C3FD722461691005F0A22 /* ViewController.swift */ = {isa = PBXFileReference; lastKnownFileType = sourcecode.swift; path = ViewController.swift; sourceTree = "<group>"; };
		528C3FD922461692005F0A22 /* Assets.xcassets */ = {isa = PBXFileReference; lastKnownFileType = folder.assetcatalog; path = Assets.xcassets; sourceTree = "<group>"; };
		528C3FDC22461692005F0A22 /* Base */ = {isa = PBXFileReference; lastKnownFileType = file.storyboard; name = Base; path = Base.lproj/Main.storyboard; sourceTree = "<group>"; };
		528C3FDE22461692005F0A22 /* Info.plist */ = {isa = PBXFileReference; lastKnownFileType = text.plist.xml; path = Info.plist; sourceTree = "<group>"; };
		528C3FDF22461692005F0A22 /* SA3.entitlements */ = {isa = PBXFileReference; lastKnownFileType = text.plist.entitlements; path = SA3.entitlements; sourceTree = "<group>"; };
		528C3FE922468B36005F0A22 /* ImageConverter.swift */ = {isa = PBXFileReference; lastKnownFileType = sourcecode.swift; path = ImageConverter.swift; sourceTree = "<group>"; };
		528C3FEB22469C01005F0A22 /* ImageProcessor.swift */ = {isa = PBXFileReference; lastKnownFileType = sourcecode.swift; path = ImageProcessor.swift; sourceTree = "<group>"; };
		528C3FEE2246AA54005F0A22 /* Charts.framework */ = {isa = PBXFileReference; explicitFileType = wrapper.framework; path = Charts.framework; sourceTree = BUILT_PRODUCTS_DIR; };
		BF8EF7B4A26C8D9EB27BEE6C /* Pods_SA3.framework */ = {isa = PBXFileReference; explicitFileType = wrapper.framework; includeInIndex = 0; path = Pods_SA3.framework; sourceTree = BUILT_PRODUCTS_DIR; };
		F2D4D22AA8AF425035B06E82 /* Pods-SA3.debug.xcconfig */ = {isa = PBXFileReference; includeInIndex = 1; lastKnownFileType = text.xcconfig; name = "Pods-SA3.debug.xcconfig"; path = "Pods/Target Support Files/Pods-SA3/Pods-SA3.debug.xcconfig"; sourceTree = "<group>"; };
/* End PBXFileReference section */

/* Begin PBXFrameworksBuildPhase section */
		528C3FCF22461691005F0A22 /* Frameworks */ = {
			isa = PBXFrameworksBuildPhase;
			buildActionMask = 2147483647;
			files = (
				4FE373659699B0274D87F5ED /* Pods_SA3.framework in Frameworks */,
			);
			runOnlyForDeploymentPostprocessing = 0;
		};
/* End PBXFrameworksBuildPhase section */

/* Begin PBXGroup section */
		528C3FC922461691005F0A22 = {
			isa = PBXGroup;
			children = (
				528C3FD422461691005F0A22 /* SA3 */,
				528C3FD322461691005F0A22 /* Products */,
				528C3FED2246AA54005F0A22 /* Frameworks */,
				563EF3A9CB32AF1A53BEA1F9 /* Pods */,
			);
			sourceTree = "<group>";
		};
		528C3FD322461691005F0A22 /* Products */ = {
			isa = PBXGroup;
			children = (
				528C3FD222461691005F0A22 /* SA3.app */,
			);
			name = Products;
			sourceTree = "<group>";
		};
		528C3FD422461691005F0A22 /* SA3 */ = {
			isa = PBXGroup;
			children = (
				528C3FD522461691005F0A22 /* AppDelegate.swift */,
				528C3FD722461691005F0A22 /* ViewController.swift */,
				528C3FEB22469C01005F0A22 /* ImageProcessor.swift */,
				528C3FE922468B36005F0A22 /* ImageConverter.swift */,
				528C3FD922461692005F0A22 /* Assets.xcassets */,
				528C3FDB22461692005F0A22 /* Main.storyboard */,
				528C3FDE22461692005F0A22 /* Info.plist */,
				528C3FDF22461692005F0A22 /* SA3.entitlements */,
			);
			path = SA3;
			sourceTree = "<group>";
		};
		528C3FED2246AA54005F0A22 /* Frameworks */ = {
			isa = PBXGroup;
			children = (
				528C3FEE2246AA54005F0A22 /* Charts.framework */,
				BF8EF7B4A26C8D9EB27BEE6C /* Pods_SA3.framework */,
			);
			name = Frameworks;
			sourceTree = "<group>";
		};
		563EF3A9CB32AF1A53BEA1F9 /* Pods */ = {
			isa = PBXGroup;
			children = (
				F2D4D22AA8AF425035B06E82 /* Pods-SA3.debug.xcconfig */,
				404A52EC9B18935D9CBBDF26 /* Pods-SA3.release.xcconfig */,
			);
			name = Pods;
			sourceTree = "<group>";
		};
/* End PBXGroup section */

/* Begin PBXNativeTarget section */
		528C3FD122461691005F0A22 /* SA3 */ = {
			isa = PBXNativeTarget;
			buildConfigurationList = 528C3FE222461692005F0A22 /* Build configuration list for PBXNativeTarget "SA3" */;
			buildPhases = (
				2D1C92261AC7012374DBD52F /* [CP] Check Pods Manifest.lock */,
				528C3FCE22461691005F0A22 /* Sources */,
				528C3FCF22461691005F0A22 /* Frameworks */,
				528C3FD022461691005F0A22 /* Resources */,
				A6E6B5AC093C2E19C1889882 /* [CP] Embed Pods Frameworks */,
			);
			buildRules = (
			);
			dependencies = (
			);
			name = SA3;
			productName = SA3;
			productReference = 528C3FD222461691005F0A22 /* SA3.app */;
			productType = "com.apple.product-type.application";
		};
/* End PBXNativeTarget section */

/* Begin PBXProject section */
		528C3FCA22461691005F0A22 /* Project object */ = {
			isa = PBXProject;
			attributes = {
				LastSwiftUpdateCheck = 1010;
				LastUpgradeCheck = 1010;
				ORGANIZATIONNAME = "Polina Dulko";
				TargetAttributes = {
					528C3FD122461691005F0A22 = {
						CreatedOnToolsVersion = 10.1;
					};
				};
			};
			buildConfigurationList = 528C3FCD22461691005F0A22 /* Build configuration list for PBXProject "SA3" */;
			compatibilityVersion = "Xcode 9.3";
			developmentRegion = en;
			hasScannedForEncodings = 0;
			knownRegions = (
				en,
				Base,
			);
			mainGroup = 528C3FC922461691005F0A22;
			productRefGroup = 528C3FD322461691005F0A22 /* Products */;
			projectDirPath = "";
			projectRoot = "";
			targets = (
				528C3FD122461691005F0A22 /* SA3 */,
			);
		};
/* End PBXProject section */

/* Begin PBXResourcesBuildPhase section */
		528C3FD022461691005F0A22 /* Resources */ = {
			isa = PBXResourcesBuildPhase;
			buildActionMask = 2147483647;
			files = (
				528C3FDA22461692005F0A22 /* Assets.xcassets in Resources */,
				528C3FDD22461692005F0A22 /* Main.storyboard in Resources */,
			);
			runOnlyForDeploymentPostprocessing = 0;
		};
/* End PBXResourcesBuildPhase section */

/* Begin PBXShellScriptBuildPhase section */
		2D1C92261AC7012374DBD52F /* [CP] Check Pods Manifest.lock */ = {
			isa = PBXShellScriptBuildPhase;
			buildActionMask = 2147483647;
			files = (
			);
			inputFileListPaths = (
			);
			inputPaths = (
				"${PODS_PODFILE_DIR_PATH}/Podfile.lock",
				"${PODS_ROOT}/Manifest.lock",
			);
			name = "[CP] Check Pods Manifest.lock";
			outputFileListPaths = (
			);
			outputPaths = (
				"$(DERIVED_FILE_DIR)/Pods-SA3-checkManifestLockResult.txt",
			);
			runOnlyForDeploymentPostprocessing = 0;
			shellPath = /bin/sh;
			shellScript = "diff \"${PODS_PODFILE_DIR_PATH}/Podfile.lock\" \"${PODS_ROOT}/Manifest.lock\" > /dev/null\nif [ $? != 0 ] ; then\n    # print error to STDERR\n    echo \"error: The sandbox is not in sync with the Podfile.lock. Run 'pod install' or update your CocoaPods installation.\" >&2\n    exit 1\nfi\n# This output is used by Xcode 'outputs' to avoid re-running this script phase.\necho \"SUCCESS\" > \"${SCRIPT_OUTPUT_FILE_0}\"\n";
			showEnvVarsInLog = 0;
		};
		A6E6B5AC093C2E19C1889882 /* [CP] Embed Pods Frameworks */ = {
			isa = PBXShellScriptBuildPhase;
			buildActionMask = 2147483647;
			files = (
			);
			inputFileListPaths = (
			);
			inputPaths = (
				"${SRCROOT}/Pods/Target Support Files/Pods-SA3/Pods-SA3-frameworks.sh",
				"${BUILT_PRODUCTS_DIR}/Charts/Charts.framework",
			);
			name = "[CP] Embed Pods Frameworks";
			outputFileListPaths = (
			);
			outputPaths = (
				"${TARGET_BUILD_DIR}/${FRAMEWORKS_FOLDER_PATH}/Charts.framework",
			);
			runOnlyForDeploymentPostprocessing = 0;
			shellPath = /bin/sh;
			shellScript = "\"${SRCROOT}/Pods/Target Support Files/Pods-SA3/Pods-SA3-frameworks.sh\"\n";
			showEnvVarsInLog = 0;
		};
/* End PBXShellScriptBuildPhase section */

/* Begin PBXSourcesBuildPhase section */
		528C3FCE22461691005F0A22 /* Sources */ = {
			isa = PBXSourcesBuildPhase;
			buildActionMask = 2147483647;
			files = (
				528C3FD822461691005F0A22 /* ViewController.swift in Sources */,
				528C3FD622461691005F0A22 /* AppDelegate.swift in Sources */,
				528C3FEC22469C01005F0A22 /* ImageProcessor.swift in Sources */,
				528C3FEA22468B36005F0A22 /* ImageConverter.swift in Sources */,
			);
			runOnlyForDeploymentPostprocessing = 0;
		};
/* End PBXSourcesBuildPhase section */

/* Begin PBXVariantGroup section */
		528C3FDB22461692005F0A22 /* Main.storyboard */ = {
			isa = PBXVariantGroup;
			children = (
				528C3FDC22461692005F0A22 /* Base */,
			);
			name = Main.storyboard;
			sourceTree = "<group>";
		};
/* End PBXVariantGroup section */

/* Begin XCBuildConfiguration section */
		528C3FE022461692005F0A22 /* Debug */ = {
			isa = XCBuildConfiguration;
			buildSettings = {
				ALWAYS_SEARCH_USER_PATHS = NO;
				CLANG_ANALYZER_NONNULL = YES;
				CLANG_ANALYZER_NUMBER_OBJECT_CONVERSION = YES_AGGRESSIVE;
				CLANG_CXX_LANGUAGE_STANDARD = "gnu++14";
				CLANG_CXX_LIBRARY = "libc++";
				CLANG_ENABLE_MODULES = YES;
				CLANG_ENABLE_OBJC_ARC = YES;
				CLANG_ENABLE_OBJC_WEAK = YES;
				CLANG_WARN_BLOCK_CAPTURE_AUTORELEASING = YES;
				CLANG_WARN_BOOL_CONVERSION = YES;
				CLANG_WARN_COMMA = YES;
				CLANG_WARN_CONSTANT_CONVERSION = YES;
				CLANG_WARN_DEPRECATED_OBJC_IMPLEMENTATIONS = YES;
				CLANG_WARN_DIRECT_OBJC_ISA_USAGE = YES_ERROR;
				CLANG_WARN_DOCUMENTATION_COMMENTS = YES;
				CLANG_WARN_EMPTY_BODY = YES;
				CLANG_WARN_ENUM_CONVERSION = YES;
				CLANG_WARN_INFINITE_RECURSION = YES;
				CLANG_WARN_INT_CONVERSION = YES;
				CLANG_WARN_NON_LITERAL_NULL_CONVERSION = YES;
				CLANG_WARN_OBJC_IMPLICIT_RETAIN_SELF = YES;
				CLANG_WARN_OBJC_LITERAL_CONVERSION = YES;
				CLANG_WARN_OBJC_ROOT_CLASS = YES_ERROR;
				CLANG_WARN_RANGE_LOOP_ANALYSIS = YES;
				CLANG_WARN_STRICT_PROTOTYPES = YES;
				CLANG_WARN_SUSPICIOUS_MOVE = YES;
				CLANG_WARN_UNGUARDED_AVAILABILITY = YES_AGGRESSIVE;
				CLANG_WARN_UNREACHABLE_CODE = YES;
				CLANG_WARN__DUPLICATE_METHOD_MATCH = YES;
				CODE_SIGN_IDENTITY = "Mac Developer";
				COPY_PHASE_STRIP = NO;
				DEBUG_INFORMATION_FORMAT = dwarf;
				ENABLE_STRICT_OBJC_MSGSEND = YES;
				ENABLE_TESTABILITY = YES;
				GCC_C_LANGUAGE_STANDARD = gnu11;
				GCC_DYNAMIC_NO_PIC = NO;
				GCC_NO_COMMON_BLOCKS = YES;
				GCC_OPTIMIZATION_LEVEL = 0;
				GCC_PREPROCESSOR_DEFINITIONS = (
					"DEBUG=1",
					"$(inherited)",
				);
				GCC_WARN_64_TO_32_BIT_CONVERSION = YES;
				GCC_WARN_ABOUT_RETURN_TYPE = YES_ERROR;
				GCC_WARN_UNDECLARED_SELECTOR = YES;
				GCC_WARN_UNINITIALIZED_AUTOS = YES_AGGRESSIVE;
				GCC_WARN_UNUSED_FUNCTION = YES;
				GCC_WARN_UNUSED_VARIABLE = YES;
				MACOSX_DEPLOYMENT_TARGET = 10.14;
				MTL_ENABLE_DEBUG_INFO = INCLUDE_SOURCE;
				MTL_FAST_MATH = YES;
				ONLY_ACTIVE_ARCH = YES;
				SDKROOT = macosx;
				SWIFT_ACTIVE_COMPILATION_CONDITIONS = DEBUG;
				SWIFT_OPTIMIZATION_LEVEL = "-Onone";
			};
			name = Debug;
		};
		528C3FE122461692005F0A22 /* Release */ = {
			isa = XCBuildConfiguration;
			buildSettings = {
				ALWAYS_SEARCH_USER_PATHS = NO;
				CLANG_ANALYZER_NONNULL = YES;
				CLANG_ANALYZER_NUMBER_OBJECT_CONVERSION = YES_AGGRESSIVE;
				CLANG_CXX_LANGUAGE_STANDARD = "gnu++14";
				CLANG_CXX_LIBRARY = "libc++";
				CLANG_ENABLE_MODULES = YES;
				CLANG_ENABLE_OBJC_ARC = YES;
				CLANG_ENABLE_OBJC_WEAK = YES;
				CLANG_WARN_BLOCK_CAPTURE_AUTORELEASING = YES;
				CLANG_WARN_BOOL_CONVERSION = YES;
				CLANG_WARN_COMMA = YES;
				CLANG_WARN_CONSTANT_CONVERSION = YES;
				CLANG_WARN_DEPRECATED_OBJC_IMPLEMENTATIONS = YES;
				CLANG_WARN_DIRECT_OBJC_ISA_USAGE = YES_ERROR;
				CLANG_WARN_DOCUMENTATION_COMMENTS = YES;
				CLANG_WARN_EMPTY_BODY = YES;
				CLANG_WARN_ENUM_CONVERSION = YES;
				CLANG_WARN_INFINITE_RECURSION = YES;
				CLANG_WARN_INT_CONVERSION = YES;
				CLANG_WARN_NON_LITERAL_NULL_CONVERSION = YES;
				CLANG_WARN_OBJC_IMPLICIT_RETAIN_SELF = YES;
				CLANG_WARN_OBJC_LITERAL_CONVERSION = YES;
				CLANG_WARN_OBJC_ROOT_CLASS = YES_ERROR;
				CLANG_WARN_RANGE_LOOP_ANALYSIS = YES;
				CLANG_WARN_STRICT_PROTOTYPES = YES;
				CLANG_WARN_SUSPICIOUS_MOVE = YES;
				CLANG_WARN_UNGUARDED_AVAILABILITY = YES_AGGRESSIVE;
				CLANG_WARN_UNREACHABLE_CODE = YES;
				CLANG_WARN__DUPLICATE_METHOD_MATCH = YES;
				CODE_SIGN_IDENTITY = "Mac Developer";
				COPY_PHASE_STRIP = NO;
				DEBUG_INFORMATION_FORMAT = "dwarf-with-dsym";
				ENABLE_NS_ASSERTIONS = NO;
				ENABLE_STRICT_OBJC_MSGSEND = YES;
				GCC_C_LANGUAGE_STANDARD = gnu11;
				GCC_NO_COMMON_BLOCKS = YES;
				GCC_WARN_64_TO_32_BIT_CONVERSION = YES;
				GCC_WARN_ABOUT_RETURN_TYPE = YES_ERROR;
				GCC_WARN_UNDECLARED_SELECTOR = YES;
				GCC_WARN_UNINITIALIZED_AUTOS = YES_AGGRESSIVE;
				GCC_WARN_UNUSED_FUNCTION = YES;
				GCC_WARN_UNUSED_VARIABLE = YES;
				MACOSX_DEPLOYMENT_TARGET = 10.14;
				MTL_ENABLE_DEBUG_INFO = NO;
				MTL_FAST_MATH = YES;
				SDKROOT = macosx;
				SWIFT_COMPILATION_MODE = wholemodule;
				SWIFT_OPTIMIZATION_LEVEL = "-O";
			};
			name = Release;
		};
		528C3FE322461692005F0A22 /* Debug */ = {
			isa = XCBuildConfiguration;
			baseConfigurationReference = F2D4D22AA8AF425035B06E82 /* Pods-SA3.debug.xcconfig */;
			buildSettings = {
				ASSETCATALOG_COMPILER_APPICON_NAME = AppIcon;
				CODE_SIGN_ENTITLEMENTS = SA3/SA3.entitlements;
				CODE_SIGN_IDENTITY = "Mac Developer";
				CODE_SIGN_STYLE = Automatic;
				COMBINE_HIDPI_IMAGES = YES;
				DEVELOPMENT_TEAM = P2Y7BAN599;
				INFOPLIST_FILE = SA3/Info.plist;
				LD_RUNPATH_SEARCH_PATHS = (
					"$(inherited)",
					"@executable_path/../Frameworks",
				);
				PRODUCT_BUNDLE_IDENTIFIER = com.polinadulko.SA3;
				PRODUCT_NAME = "$(TARGET_NAME)";
				PROVISIONING_PROFILE_SPECIFIER = "";
				SWIFT_VERSION = 4.2;
			};
			name = Debug;
		};
		528C3FE422461692005F0A22 /* Release */ = {
			isa = XCBuildConfiguration;
			baseConfigurationReference = 404A52EC9B18935D9CBBDF26 /* Pods-SA3.release.xcconfig */;
			buildSettings = {
				ASSETCATALOG_COMPILER_APPICON_NAME = AppIcon;
				CODE_SIGN_ENTITLEMENTS = SA3/SA3.entitlements;
				CODE_SIGN_IDENTITY = "Mac Developer";
				CODE_SIGN_STYLE = Automatic;
				COMBINE_HIDPI_IMAGES = YES;
				DEVELOPMENT_TEAM = P2Y7BAN599;
				INFOPLIST_FILE = SA3/Info.plist;
				LD_RUNPATH_SEARCH_PATHS = (
					"$(inherited)",
					"@executable_path/../Frameworks",
				);
				PRODUCT_BUNDLE_IDENTIFIER = com.polinadulko.SA3;
				PRODUCT_NAME = "$(TARGET_NAME)";
				PROVISIONING_PROFILE_SPECIFIER = "";
				SWIFT_VERSION = 4.2;
			};
			name = Release;
		};
/* End XCBuildConfiguration section */

/* Begin XCConfigurationList section */
		528C3FCD22461691005F0A22 /* Build configuration list for PBXProject "SA3" */ = {
			isa = XCConfigurationList;
			buildConfigurations = (
				528C3FE022461692005F0A22 /* Debug */,
				528C3FE122461692005F0A22 /* Release */,
			);
			defaultConfigurationIsVisible = 0;
			defaultConfigurationName = Release;
		};
		528C3FE222461692005F0A22 /* Build configuration list for PBXNativeTarget "SA3" */ = {
			isa = XCConfigurationList;
			buildConfigurations = (
				528C3FE322461692005F0A22 /* Debug */,
				528C3FE422461692005F0A22 /* Release */,
			);
			defaultConfigurationIsVisible = 0;
			defaultConfigurationName = Release;
		};
/* End XCConfigurationList section */
	};
	rootObject = 528C3FCA22461691005F0A22 /* Project object */;
}
