// !$*UTF8*$!
{
	archiveVersion = 1;
	classes = {
	};
	objectVersion = 50;
	objects = {

/* Begin PBXBuildFile section */
		06E907058A6040884F35B9F1 /* Pods_SA1.framework in Frameworks */ = {isa = PBXBuildFile; fileRef = 46ACEDBE40889D876D1BC9A0 /* Pods_SA1.framework */; };
		520B75E0223A5EBF004EB5C7 /* wine.txt in Resources */ = {isa = PBXBuildFile; fileRef = 520B75DE223A5EBF004EB5C7 /* wine.txt */; };
		52A0F9B22202E0DA0044A687 /* AppDelegate.swift in Sources */ = {isa = PBXBuildFile; fileRef = 52A0F9B12202E0DA0044A687 /* AppDelegate.swift */; };
		52A0F9B42202E0DA0044A687 /* ViewController.swift in Sources */ = {isa = PBXBuildFile; fileRef = 52A0F9B32202E0DA0044A687 /* ViewController.swift */; };
		52A0F9B62202E0DB0044A687 /* Assets.xcassets in Resources */ = {isa = PBXBuildFile; fileRef = 52A0F9B52202E0DB0044A687 /* Assets.xcassets */; };
		52A0F9B92202E0DB0044A687 /* Main.storyboard in Resources */ = {isa = PBXBuildFile; fileRef = 52A0F9B72202E0DB0044A687 /* Main.storyboard */; };
		52A0F9C22202E3F70044A687 /* Wine.swift in Sources */ = {isa = PBXBuildFile; fileRef = 52A0F9C12202E3F70044A687 /* Wine.swift */; };
		52C3BF6222073CEB003B7411 /* DataHandler.swift in Sources */ = {isa = PBXBuildFile; fileRef = 52C3BF6122073CEB003B7411 /* DataHandler.swift */; };
/* End PBXBuildFile section */

/* Begin PBXFileReference section */
		46ACEDBE40889D876D1BC9A0 /* Pods_SA1.framework */ = {isa = PBXFileReference; explicitFileType = wrapper.framework; includeInIndex = 0; path = Pods_SA1.framework; sourceTree = BUILT_PRODUCTS_DIR; };
		520B75DE223A5EBF004EB5C7 /* wine.txt */ = {isa = PBXFileReference; fileEncoding = 4; lastKnownFileType = text; name = wine.txt; path = ../../SA2/SA2/wine.txt; sourceTree = "<group>"; };
		52A0F9AE2202E0DA0044A687 /* SA1.app */ = {isa = PBXFileReference; explicitFileType = wrapper.application; includeInIndex = 0; path = SA1.app; sourceTree = BUILT_PRODUCTS_DIR; };
		52A0F9B12202E0DA0044A687 /* AppDelegate.swift */ = {isa = PBXFileReference; lastKnownFileType = sourcecode.swift; path = AppDelegate.swift; sourceTree = "<group>"; };
		52A0F9B32202E0DA0044A687 /* ViewController.swift */ = {isa = PBXFileReference; lastKnownFileType = sourcecode.swift; path = ViewController.swift; sourceTree = "<group>"; };
		52A0F9B52202E0DB0044A687 /* Assets.xcassets */ = {isa = PBXFileReference; lastKnownFileType = folder.assetcatalog; path = Assets.xcassets; sourceTree = "<group>"; };
		52A0F9B82202E0DB0044A687 /* Base */ = {isa = PBXFileReference; lastKnownFileType = file.storyboard; name = Base; path = Base.lproj/Main.storyboard; sourceTree = "<group>"; };
		52A0F9BA2202E0DB0044A687 /* Info.plist */ = {isa = PBXFileReference; lastKnownFileType = text.plist.xml; path = Info.plist; sourceTree = "<group>"; };
		52A0F9BB2202E0DB0044A687 /* SA1.entitlements */ = {isa = PBXFileReference; lastKnownFileType = text.plist.entitlements; path = SA1.entitlements; sourceTree = "<group>"; };
		52A0F9C12202E3F70044A687 /* Wine.swift */ = {isa = PBXFileReference; lastKnownFileType = sourcecode.swift; path = Wine.swift; sourceTree = "<group>"; };
		52C3BF6122073CEB003B7411 /* DataHandler.swift */ = {isa = PBXFileReference; lastKnownFileType = sourcecode.swift; path = DataHandler.swift; sourceTree = "<group>"; };
		8B8E1231B3317DCF1AF9FAA5 /* Pods-SA1.debug.xcconfig */ = {isa = PBXFileReference; includeInIndex = 1; lastKnownFileType = text.xcconfig; name = "Pods-SA1.debug.xcconfig"; path = "Pods/Target Support Files/Pods-SA1/Pods-SA1.debug.xcconfig"; sourceTree = "<group>"; };
		9FC275D0B5D07A14DF6105A6 /* Pods-SA1.release.xcconfig */ = {isa = PBXFileReference; includeInIndex = 1; lastKnownFileType = text.xcconfig; name = "Pods-SA1.release.xcconfig"; path = "Pods/Target Support Files/Pods-SA1/Pods-SA1.release.xcconfig"; sourceTree = "<group>"; };
/* End PBXFileReference section */

/* Begin PBXFrameworksBuildPhase section */
		52A0F9AB2202E0DA0044A687 /* Frameworks */ = {
			isa = PBXFrameworksBuildPhase;
			buildActionMask = 2147483647;
			files = (
				06E907058A6040884F35B9F1 /* Pods_SA1.framework in Frameworks */,
			);
			runOnlyForDeploymentPostprocessing = 0;
		};
/* End PBXFrameworksBuildPhase section */

/* Begin PBXGroup section */
		52A0F9A52202E0DA0044A687 = {
			isa = PBXGroup;
			children = (
				52A0F9B02202E0DA0044A687 /* SA1 */,
				52A0F9AF2202E0DA0044A687 /* Products */,
				CCDD35C910F5819412B8848D /* Pods */,
				69158C0CB72439466500703E /* Frameworks */,
			);
			sourceTree = "<group>";
		};
		52A0F9AF2202E0DA0044A687 /* Products */ = {
			isa = PBXGroup;
			children = (
				52A0F9AE2202E0DA0044A687 /* SA1.app */,
			);
			name = Products;
			sourceTree = "<group>";
		};
		52A0F9B02202E0DA0044A687 /* SA1 */ = {
			isa = PBXGroup;
			children = (
				52A0F9B12202E0DA0044A687 /* AppDelegate.swift */,
				52A0F9C12202E3F70044A687 /* Wine.swift */,
				520B75DE223A5EBF004EB5C7 /* wine.txt */,
				52C3BF6122073CEB003B7411 /* DataHandler.swift */,
				52A0F9B32202E0DA0044A687 /* ViewController.swift */,
				52A0F9B72202E0DB0044A687 /* Main.storyboard */,
				52A0F9B52202E0DB0044A687 /* Assets.xcassets */,
				52A0F9BA2202E0DB0044A687 /* Info.plist */,
				52A0F9BB2202E0DB0044A687 /* SA1.entitlements */,
			);
			path = SA1;
			sourceTree = "<group>";
		};
		69158C0CB72439466500703E /* Frameworks */ = {
			isa = PBXGroup;
			children = (
				46ACEDBE40889D876D1BC9A0 /* Pods_SA1.framework */,
			);
			name = Frameworks;
			sourceTree = "<group>";
		};
		CCDD35C910F5819412B8848D /* Pods */ = {
			isa = PBXGroup;
			children = (
				8B8E1231B3317DCF1AF9FAA5 /* Pods-SA1.debug.xcconfig */,
				9FC275D0B5D07A14DF6105A6 /* Pods-SA1.release.xcconfig */,
			);
			name = Pods;
			sourceTree = "<group>";
		};
/* End PBXGroup section */

/* Begin PBXNativeTarget section */
		52A0F9AD2202E0DA0044A687 /* SA1 */ = {
			isa = PBXNativeTarget;
			buildConfigurationList = 52A0F9BE2202E0DB0044A687 /* Build configuration list for PBXNativeTarget "SA1" */;
			buildPhases = (
				F961390CE426651495DA2D11 /* [CP] Check Pods Manifest.lock */,
				52A0F9AA2202E0DA0044A687 /* Sources */,
				52A0F9AB2202E0DA0044A687 /* Frameworks */,
				52A0F9AC2202E0DA0044A687 /* Resources */,
				84DD27A9DF24F75EB9813E7E /* [CP] Embed Pods Frameworks */,
			);
			buildRules = (
			);
			dependencies = (
			);
			name = SA1;
			productName = SA1;
			productReference = 52A0F9AE2202E0DA0044A687 /* SA1.app */;
			productType = "com.apple.product-type.application";
		};
/* End PBXNativeTarget section */

/* Begin PBXProject section */
		52A0F9A62202E0DA0044A687 /* Project object */ = {
			isa = PBXProject;
			attributes = {
				LastSwiftUpdateCheck = 1010;
				LastUpgradeCheck = 1010;
				ORGANIZATIONNAME = "Polina Dulko";
				TargetAttributes = {
					52A0F9AD2202E0DA0044A687 = {
						CreatedOnToolsVersion = 10.1;
						SystemCapabilities = {
							com.apple.Sandbox = {
								enabled = 1;
							};
						};
					};
				};
			};
			buildConfigurationList = 52A0F9A92202E0DA0044A687 /* Build configuration list for PBXProject "SA1" */;
			compatibilityVersion = "Xcode 9.3";
			developmentRegion = en;
			hasScannedForEncodings = 0;
			knownRegions = (
				en,
				Base,
			);
			mainGroup = 52A0F9A52202E0DA0044A687;
			productRefGroup = 52A0F9AF2202E0DA0044A687 /* Products */;
			projectDirPath = "";
			projectRoot = "";
			targets = (
				52A0F9AD2202E0DA0044A687 /* SA1 */,
			);
		};
/* End PBXProject section */

/* Begin PBXResourcesBuildPhase section */
		52A0F9AC2202E0DA0044A687 /* Resources */ = {
			isa = PBXResourcesBuildPhase;
			buildActionMask = 2147483647;
			files = (
				52A0F9B62202E0DB0044A687 /* Assets.xcassets in Resources */,
				520B75E0223A5EBF004EB5C7 /* wine.txt in Resources */,
				52A0F9B92202E0DB0044A687 /* Main.storyboard in Resources */,
			);
			runOnlyForDeploymentPostprocessing = 0;
		};
/* End PBXResourcesBuildPhase section */

/* Begin PBXShellScriptBuildPhase section */
		84DD27A9DF24F75EB9813E7E /* [CP] Embed Pods Frameworks */ = {
			isa = PBXShellScriptBuildPhase;
			buildActionMask = 2147483647;
			files = (
			);
			inputFileListPaths = (
			);
			inputPaths = (
				"${SRCROOT}/Pods/Target Support Files/Pods-SA1/Pods-SA1-frameworks.sh",
				"${BUILT_PRODUCTS_DIR}/Charts/Charts.framework",
			);
			name = "[CP] Embed Pods Frameworks";
			outputFileListPaths = (
			);
			outputPaths = (
				"${TARGET_BUILD_DIR}/${FRAMEWORKS_FOLDER_PATH}/Charts.framework",
			);
			runOnlyForDeploymentPostprocessing = 0;
			shellPath = /bin/sh;
			shellScript = "\"${SRCROOT}/Pods/Target Support Files/Pods-SA1/Pods-SA1-frameworks.sh\"\n";
			showEnvVarsInLog = 0;
		};
		F961390CE426651495DA2D11 /* [CP] Check Pods Manifest.lock */ = {
			isa = PBXShellScriptBuildPhase;
			buildActionMask = 2147483647;
			files = (
			);
			inputFileListPaths = (
			);
			inputPaths = (
				"${PODS_PODFILE_DIR_PATH}/Podfile.lock",
				"${PODS_ROOT}/Manifest.lock",
			);
			name = "[CP] Check Pods Manifest.lock";
			outputFileListPaths = (
			);
			outputPaths = (
				"$(DERIVED_FILE_DIR)/Pods-SA1-checkManifestLockResult.txt",
			);
			runOnlyForDeploymentPostprocessing = 0;
			shellPath = /bin/sh;
			shellScript = "diff \"${PODS_PODFILE_DIR_PATH}/Podfile.lock\" \"${PODS_ROOT}/Manifest.lock\" > /dev/null\nif [ $? != 0 ] ; then\n    # print error to STDERR\n    echo \"error: The sandbox is not in sync with the Podfile.lock. Run 'pod install' or update your CocoaPods installation.\" >&2\n    exit 1\nfi\n# This output is used by Xcode 'outputs' to avoid re-running this script phase.\necho \"SUCCESS\" > \"${SCRIPT_OUTPUT_FILE_0}\"\n";
			showEnvVarsInLog = 0;
		};
/* End PBXShellScriptBuildPhase section */

/* Begin PBXSourcesBuildPhase section */
		52A0F9AA2202E0DA0044A687 /* Sources */ = {
			isa = PBXSourcesBuildPhase;
			buildActionMask = 2147483647;
			files = (
				52C3BF6222073CEB003B7411 /* DataHandler.swift in Sources */,
				52A0F9B42202E0DA0044A687 /* ViewController.swift in Sources */,
				52A0F9B22202E0DA0044A687 /* AppDelegate.swift in Sources */,
				52A0F9C22202E3F70044A687 /* Wine.swift in Sources */,
			);
			runOnlyForDeploymentPostprocessing = 0;
		};
/* End PBXSourcesBuildPhase section */

/* Begin PBXVariantGroup section */
		52A0F9B72202E0DB0044A687 /* Main.storyboard */ = {
			isa = PBXVariantGroup;
			children = (
				52A0F9B82202E0DB0044A687 /* Base */,
			);
			name = Main.storyboard;
			sourceTree = "<group>";
		};
/* End PBXVariantGroup section */

/* Begin XCBuildConfiguration section */
		52A0F9BC2202E0DB0044A687 /* Debug */ = {
			isa = XCBuildConfiguration;
			buildSettings = {
				ALWAYS_SEARCH_USER_PATHS = NO;
				CLANG_ANALYZER_NONNULL = YES;
				CLANG_ANALYZER_NUMBER_OBJECT_CONVERSION = YES_AGGRESSIVE;
				CLANG_CXX_LANGUAGE_STANDARD = "gnu++14";
				CLANG_CXX_LIBRARY = "libc++";
				CLANG_ENABLE_MODULES = YES;
				CLANG_ENABLE_OBJC_ARC = YES;
				CLANG_ENABLE_OBJC_WEAK = YES;
				CLANG_WARN_BLOCK_CAPTURE_AUTORELEASING = YES;
				CLANG_WARN_BOOL_CONVERSION = YES;
				CLANG_WARN_COMMA = YES;
				CLANG_WARN_CONSTANT_CONVERSION = YES;
				CLANG_WARN_DEPRECATED_OBJC_IMPLEMENTATIONS = YES;
				CLANG_WARN_DIRECT_OBJC_ISA_USAGE = YES_ERROR;
				CLANG_WARN_DOCUMENTATION_COMMENTS = YES;
				CLANG_WARN_EMPTY_BODY = YES;
				CLANG_WARN_ENUM_CONVERSION = YES;
				CLANG_WARN_INFINITE_RECURSION = YES;
				CLANG_WARN_INT_CONVERSION = YES;
				CLANG_WARN_NON_LITERAL_NULL_CONVERSION = YES;
				CLANG_WARN_OBJC_IMPLICIT_RETAIN_SELF = YES;
				CLANG_WARN_OBJC_LITERAL_CONVERSION = YES;
				CLANG_WARN_OBJC_ROOT_CLASS = YES_ERROR;
				CLANG_WARN_RANGE_LOOP_ANALYSIS = YES;
				CLANG_WARN_STRICT_PROTOTYPES = YES;
				CLANG_WARN_SUSPICIOUS_MOVE = YES;
				CLANG_WARN_UNGUARDED_AVAILABILITY = YES_AGGRESSIVE;
				CLANG_WARN_UNREACHABLE_CODE = YES;
				CLANG_WARN__DUPLICATE_METHOD_MATCH = YES;
				CODE_SIGN_IDENTITY = "Mac Developer";
				COPY_PHASE_STRIP = NO;
				DEBUG_INFORMATION_FORMAT = dwarf;
				ENABLE_STRICT_OBJC_MSGSEND = YES;
				ENABLE_TESTABILITY = YES;
				GCC_C_LANGUAGE_STANDARD = gnu11;
				GCC_DYNAMIC_NO_PIC = NO;
				GCC_NO_COMMON_BLOCKS = YES;
				GCC_OPTIMIZATION_LEVEL = 0;
				GCC_PREPROCESSOR_DEFINITIONS = (
					"DEBUG=1",
					"$(inherited)",
				);
				GCC_WARN_64_TO_32_BIT_CONVERSION = YES;
				GCC_WARN_ABOUT_RETURN_TYPE = YES_ERROR;
				GCC_WARN_UNDECLARED_SELECTOR = YES;
				GCC_WARN_UNINITIALIZED_AUTOS = YES_AGGRESSIVE;
				GCC_WARN_UNUSED_FUNCTION = YES;
				GCC_WARN_UNUSED_VARIABLE = YES;
				MACOSX_DEPLOYMENT_TARGET = 10.14;
				MTL_ENABLE_DEBUG_INFO = INCLUDE_SOURCE;
				MTL_FAST_MATH = YES;
				ONLY_ACTIVE_ARCH = YES;
				SDKROOT = macosx;
				SWIFT_ACTIVE_COMPILATION_CONDITIONS = DEBUG;
				SWIFT_OPTIMIZATION_LEVEL = "-Onone";
			};
			name = Debug;
		};
		52A0F9BD2202E0DB0044A687 /* Release */ = {
			isa = XCBuildConfiguration;
			buildSettings = {
				ALWAYS_SEARCH_USER_PATHS = NO;
				CLANG_ANALYZER_NONNULL = YES;
				CLANG_ANALYZER_NUMBER_OBJECT_CONVERSION = YES_AGGRESSIVE;
				CLANG_CXX_LANGUAGE_STANDARD = "gnu++14";
				CLANG_CXX_LIBRARY = "libc++";
				CLANG_ENABLE_MODULES = YES;
				CLANG_ENABLE_OBJC_ARC = YES;
				CLANG_ENABLE_OBJC_WEAK = YES;
				CLANG_WARN_BLOCK_CAPTURE_AUTORELEASING = YES;
				CLANG_WARN_BOOL_CONVERSION = YES;
				CLANG_WARN_COMMA = YES;
				CLANG_WARN_CONSTANT_CONVERSION = YES;
				CLANG_WARN_DEPRECATED_OBJC_IMPLEMENTATIONS = YES;
				CLANG_WARN_DIRECT_OBJC_ISA_USAGE = YES_ERROR;
				CLANG_WARN_DOCUMENTATION_COMMENTS = YES;
				CLANG_WARN_EMPTY_BODY = YES;
				CLANG_WARN_ENUM_CONVERSION = YES;
				CLANG_WARN_INFINITE_RECURSION = YES;
				CLANG_WARN_INT_CONVERSION = YES;
				CLANG_WARN_NON_LITERAL_NULL_CONVERSION = YES;
				CLANG_WARN_OBJC_IMPLICIT_RETAIN_SELF = YES;
				CLANG_WARN_OBJC_LITERAL_CONVERSION = YES;
				CLANG_WARN_OBJC_ROOT_CLASS = YES_ERROR;
				CLANG_WARN_RANGE_LOOP_ANALYSIS = YES;
				CLANG_WARN_STRICT_PROTOTYPES = YES;
				CLANG_WARN_SUSPICIOUS_MOVE = YES;
				CLANG_WARN_UNGUARDED_AVAILABILITY = YES_AGGRESSIVE;
				CLANG_WARN_UNREACHABLE_CODE = YES;
				CLANG_WARN__DUPLICATE_METHOD_MATCH = YES;
				CODE_SIGN_IDENTITY = "Mac Developer";
				COPY_PHASE_STRIP = NO;
				DEBUG_INFORMATION_FORMAT = "dwarf-with-dsym";
				ENABLE_NS_ASSERTIONS = NO;
				ENABLE_STRICT_OBJC_MSGSEND = YES;
				GCC_C_LANGUAGE_STANDARD = gnu11;
				GCC_NO_COMMON_BLOCKS = YES;
				GCC_WARN_64_TO_32_BIT_CONVERSION = YES;
				GCC_WARN_ABOUT_RETURN_TYPE = YES_ERROR;
				GCC_WARN_UNDECLARED_SELECTOR = YES;
				GCC_WARN_UNINITIALIZED_AUTOS = YES_AGGRESSIVE;
				GCC_WARN_UNUSED_FUNCTION = YES;
				GCC_WARN_UNUSED_VARIABLE = YES;
				MACOSX_DEPLOYMENT_TARGET = 10.14;
				MTL_ENABLE_DEBUG_INFO = NO;
				MTL_FAST_MATH = YES;
				SDKROOT = macosx;
				SWIFT_COMPILATION_MODE = wholemodule;
				SWIFT_OPTIMIZATION_LEVEL = "-O";
			};
			name = Release;
		};
		52A0F9BF2202E0DB0044A687 /* Debug */ = {
			isa = XCBuildConfiguration;
			baseConfigurationReference = 8B8E1231B3317DCF1AF9FAA5 /* Pods-SA1.debug.xcconfig */;
			buildSettings = {
				ASSETCATALOG_COMPILER_APPICON_NAME = AppIcon;
				CODE_SIGN_ENTITLEMENTS = SA1/SA1.entitlements;
				CODE_SIGN_IDENTITY = "Mac Developer";
				CODE_SIGN_STYLE = Automatic;
				COMBINE_HIDPI_IMAGES = YES;
				DEVELOPMENT_TEAM = P2Y7BAN599;
				INFOPLIST_FILE = SA1/Info.plist;
				LD_RUNPATH_SEARCH_PATHS = (
					"$(inherited)",
					"@executable_path/../Frameworks",
				);
				PRODUCT_BUNDLE_IDENTIFIER = com.polinadulko.SA1;
				PRODUCT_NAME = "$(TARGET_NAME)";
				PROVISIONING_PROFILE_SPECIFIER = "";
				SWIFT_VERSION = 4.2;
			};
			name = Debug;
		};
		52A0F9C02202E0DB0044A687 /* Release */ = {
			isa = XCBuildConfiguration;
			baseConfigurationReference = 9FC275D0B5D07A14DF6105A6 /* Pods-SA1.release.xcconfig */;
			buildSettings = {
				ASSETCATALOG_COMPILER_APPICON_NAME = AppIcon;
				CODE_SIGN_ENTITLEMENTS = SA1/SA1.entitlements;
				CODE_SIGN_IDENTITY = "Mac Developer";
				CODE_SIGN_STYLE = Automatic;
				COMBINE_HIDPI_IMAGES = YES;
				DEVELOPMENT_TEAM = P2Y7BAN599;
				INFOPLIST_FILE = SA1/Info.plist;
				LD_RUNPATH_SEARCH_PATHS = (
					"$(inherited)",
					"@executable_path/../Frameworks",
				);
				PRODUCT_BUNDLE_IDENTIFIER = com.polinadulko.SA1;
				PRODUCT_NAME = "$(TARGET_NAME)";
				PROVISIONING_PROFILE_SPECIFIER = "";
				SWIFT_VERSION = 4.2;
			};
			name = Release;
		};
/* End XCBuildConfiguration section */

/* Begin XCConfigurationList section */
		52A0F9A92202E0DA0044A687 /* Build configuration list for PBXProject "SA1" */ = {
			isa = XCConfigurationList;
			buildConfigurations = (
				52A0F9BC2202E0DB0044A687 /* Debug */,
				52A0F9BD2202E0DB0044A687 /* Release */,
			);
			defaultConfigurationIsVisible = 0;
			defaultConfigurationName = Release;
		};
		52A0F9BE2202E0DB0044A687 /* Build configuration list for PBXNativeTarget "SA1" */ = {
			isa = XCConfigurationList;
			buildConfigurations = (
				52A0F9BF2202E0DB0044A687 /* Debug */,
				52A0F9C02202E0DB0044A687 /* Release */,
			);
			defaultConfigurationIsVisible = 0;
			defaultConfigurationName = Release;
		};
/* End XCConfigurationList section */
	};
	rootObject = 52A0F9A62202E0DA0044A687 /* Project object */;
}
